
Microsoft Visual Studio Solution File, Format Version 11.00
# Visual Studio 2010
Project("{FAE04EC0-301F-11D3-BF4B-00C04F79EFBC}") = "VocHuntProto", "Assembly-CSharp.csproj", "{D0B8B1EA-0CF4-EEB2-E673-2331F99C068E}"
EndProject
Project("{FAE04EC0-301F-11D3-BF4B-00C04F79EFBC}") = "VocHuntProto", "Assembly-CSharp-Editor.csproj", "{0A2EA86B-1FF4-59B8-FE65-63D84247050B}"
EndProject
Global
	GlobalSection(SolutionConfigurationPlatforms) = preSolution
		Debug|Any CPU = Debug|Any CPU
		Release|Any CPU = Release|Any CPU
	EndGlobalSection
	GlobalSection(ProjectConfigurationPlatforms) = postSolution
		{D0B8B1EA-0CF4-EEB2-E673-2331F99C068E}.Debug|Any CPU.ActiveCfg = Debug|Any CPU
		{D0B8B1EA-0CF4-EEB2-E673-2331F99C068E}.Debug|Any CPU.Build.0 = Debug|Any CPU
		{D0B8B1EA-0CF4-EEB2-E673-2331F99C068E}.Release|Any CPU.ActiveCfg = Release|Any CPU
		{D0B8B1EA-0CF4-EEB2-E673-2331F99C068E}.Release|Any CPU.Build.0 = Release|Any CPU
		{0A2EA86B-1FF4-59B8-FE65-63D84247050B}.Debug|Any CPU.ActiveCfg = Debug|Any CPU
		{0A2EA86B-1FF4-59B8-FE65-63D84247050B}.Debug|Any CPU.Build.0 = Debug|Any CPU
		{0A2EA86B-1FF4-59B8-FE65-63D84247050B}.Release|Any CPU.ActiveCfg = Release|Any CPU
		{0A2EA86B-1FF4-59B8-FE65-63D84247050B}.Release|Any CPU.Build.0 = Release|Any CPU
	EndGlobalSection
	GlobalSection(SolutionProperties) = preSolution
		HideSolutionNode = FALSE
	EndGlobalSection
	GlobalSection(MonoDevelopProperties) = preSolution
		StartupItem = Assembly-CSharp.csproj
	EndGlobalSection
EndGlobal
